// !$*UTF8*$!
{
	archiveVersion = 1;
	classes = {
	};
	objectVersion = 56;
	objects = {

/* Begin PBXBuildFile section */
		3B453D84BC54A87AC48318CE /* Pods_TestWeb.framework in Frameworks */ = {isa = PBXBuildFile; fileRef = 3E48ACF11CF0197B735FFADF /* Pods_TestWeb.framework */; };
		BFD860BD29D12D59005B2E89 /* UIColor+Helpers.swift in Sources */ = {isa = PBXBuildFile; fileRef = BFD860BC29D12D59005B2E89 /* UIColor+Helpers.swift */; };
		BFE9F44229B1FC5000391822 /* AppDelegate.swift in Sources */ = {isa = PBXBuildFile; fileRef = BFE9F44129B1FC5000391822 /* AppDelegate.swift */; };
		BFE9F44429B1FC5000391822 /* SceneDelegate.swift in Sources */ = {isa = PBXBuildFile; fileRef = BFE9F44329B1FC5000391822 /* SceneDelegate.swift */; };
		BFE9F44629B1FC5000391822 /* ViewController.swift in Sources */ = {isa = PBXBuildFile; fileRef = BFE9F44529B1FC5000391822 /* ViewController.swift */; };
		BFE9F44929B1FC5000391822 /* Main.storyboard in Resources */ = {isa = PBXBuildFile; fileRef = BFE9F44729B1FC5000391822 /* Main.storyboard */; };
		BFE9F44B29B1FC5100391822 /* Assets.xcassets in Resources */ = {isa = PBXBuildFile; fileRef = BFE9F44A29B1FC5100391822 /* Assets.xcassets */; };
		BFE9F44E29B1FC5100391822 /* LaunchScreen.storyboard in Resources */ = {isa = PBXBuildFile; fileRef = BFE9F44C29B1FC5100391822 /* LaunchScreen.storyboard */; };
/* End PBXBuildFile section */

/* Begin PBXFileReference section */
		394A6CC71BC4160F7B2BD3AB /* Pods-TestWeb.debug.xcconfig */ = {isa = PBXFileReference; includeInIndex = 1; lastKnownFileType = text.xcconfig; name = "Pods-TestWeb.debug.xcconfig"; path = "Target Support Files/Pods-TestWeb/Pods-TestWeb.debug.xcconfig"; sourceTree = "<group>"; };
		3E48ACF11CF0197B735FFADF /* Pods_TestWeb.framework */ = {isa = PBXFileReference; explicitFileType = wrapper.framework; includeInIndex = 0; path = Pods_TestWeb.framework; sourceTree = BUILT_PRODUCTS_DIR; };
		7C0904F26DBAB45F88877CAD /* Pods-TestWeb.release.xcconfig */ = {isa = PBXFileReference; includeInIndex = 1; lastKnownFileType = text.xcconfig; name = "Pods-TestWeb.release.xcconfig"; path = "Target Support Files/Pods-TestWeb/Pods-TestWeb.release.xcconfig"; sourceTree = "<group>"; };
		BFD860BC29D12D59005B2E89 /* UIColor+Helpers.swift */ = {isa = PBXFileReference; lastKnownFileType = sourcecode.swift; path = "UIColor+Helpers.swift"; sourceTree = "<group>"; };
		BFE9F43E29B1FC5000391822 /* TestWeb.app */ = {isa = PBXFileReference; explicitFileType = wrapper.application; includeInIndex = 0; path = TestWeb.app; sourceTree = BUILT_PRODUCTS_DIR; };
		BFE9F44129B1FC5000391822 /* AppDelegate.swift */ = {isa = PBXFileReference; lastKnownFileType = sourcecode.swift; path = AppDelegate.swift; sourceTree = "<group>"; };
		BFE9F44329B1FC5000391822 /* SceneDelegate.swift */ = {isa = PBXFileReference; lastKnownFileType = sourcecode.swift; path = SceneDelegate.swift; sourceTree = "<group>"; };
		BFE9F44529B1FC5000391822 /* ViewController.swift */ = {isa = PBXFileReference; lastKnownFileType = sourcecode.swift; path = ViewController.swift; sourceTree = "<group>"; };
		BFE9F44829B1FC5000391822 /* Base */ = {isa = PBXFileReference; lastKnownFileType = file.storyboard; name = Base; path = Base.lproj/Main.storyboard; sourceTree = "<group>"; };
		BFE9F44A29B1FC5100391822 /* Assets.xcassets */ = {isa = PBXFileReference; lastKnownFileType = folder.assetcatalog; path = Assets.xcassets; sourceTree = "<group>"; };
		BFE9F44D29B1FC5100391822 /* Base */ = {isa = PBXFileReference; lastKnownFileType = file.storyboard; name = Base; path = Base.lproj/LaunchScreen.storyboard; sourceTree = "<group>"; };
		BFE9F44F29B1FC5100391822 /* Info.plist */ = {isa = PBXFileReference; lastKnownFileType = text.plist.xml; path = Info.plist; sourceTree = "<group>"; };
/* End PBXFileReference section */

/* Begin PBXFrameworksBuildPhase section */
		BFE9F43B29B1FC5000391822 /* Frameworks */ = {
			isa = PBXFrameworksBuildPhase;
			buildActionMask = 2147483647;
			files = (
				3B453D84BC54A87AC48318CE /* Pods_TestWeb.framework in Frameworks */,
			);
			runOnlyForDeploymentPostprocessing = 0;
		};
/* End PBXFrameworksBuildPhase section */

/* Begin PBXGroup section */
		BFD860BB29D12D3B005B2E89 /* UIConponment */ = {
			isa = PBXGroup;
			children = (
				BFD860BC29D12D59005B2E89 /* UIColor+Helpers.swift */,
			);
			path = UIConponment;
			sourceTree = "<group>";
		};
		BFE9F43529B1FC5000391822 = {
			isa = PBXGroup;
			children = (
				BFE9F44029B1FC5000391822 /* TestWeb */,
				BFE9F43F29B1FC5000391822 /* Products */,
				DEB79990C7B45B0734B98747 /* Pods */,
				CCB0B9E74E7BB8C38C297BAB /* Frameworks */,
			);
			sourceTree = "<group>";
		};
		BFE9F43F29B1FC5000391822 /* Products */ = {
			isa = PBXGroup;
			children = (
				BFE9F43E29B1FC5000391822 /* TestWeb.app */,
			);
			name = Products;
			sourceTree = "<group>";
		};
		BFE9F44029B1FC5000391822 /* TestWeb */ = {
			isa = PBXGroup;
			children = (
				BFE9F44129B1FC5000391822 /* AppDelegate.swift */,
				BFE9F44329B1FC5000391822 /* SceneDelegate.swift */,
				BFE9F44529B1FC5000391822 /* ViewController.swift */,
				BFD860BB29D12D3B005B2E89 /* UIConponment */,
				BFE9F44729B1FC5000391822 /* Main.storyboard */,
				BFE9F44A29B1FC5100391822 /* Assets.xcassets */,
				BFE9F44C29B1FC5100391822 /* LaunchScreen.storyboard */,
				BFE9F44F29B1FC5100391822 /* Info.plist */,
			);
			path = TestWeb;
			sourceTree = "<group>";
		};
		CCB0B9E74E7BB8C38C297BAB /* Frameworks */ = {
			isa = PBXGroup;
			children = (
				3E48ACF11CF0197B735FFADF /* Pods_TestWeb.framework */,
			);
			name = Frameworks;
			sourceTree = "<group>";
		};
		DEB79990C7B45B0734B98747 /* Pods */ = {
			isa = PBXGroup;
			children = (
				394A6CC71BC4160F7B2BD3AB /* Pods-TestWeb.debug.xcconfig */,
				7C0904F26DBAB45F88877CAD /* Pods-TestWeb.release.xcconfig */,
			);
			path = Pods;
			sourceTree = "<group>";
		};
/* End PBXGroup section */

/* Begin PBXNativeTarget section */
		BFE9F43D29B1FC5000391822 /* TestWeb */ = {
			isa = PBXNativeTarget;
			buildConfigurationList = BFE9F45229B1FC5100391822 /* Build configuration list for PBXNativeTarget "TestWeb" */;
			buildPhases = (
				B21C19D4A4BB182904B08118 /* [CP] Check Pods Manifest.lock */,
				BFE9F43A29B1FC5000391822 /* Sources */,
				BFE9F43B29B1FC5000391822 /* Frameworks */,
				BFE9F43C29B1FC5000391822 /* Resources */,
				D32CC4A08967791A0A50470C /* [CP] Embed Pods Frameworks */,
			);
			buildRules = (
			);
			dependencies = (
			);
			name = TestWeb;
			productName = TestWeb;
			productReference = BFE9F43E29B1FC5000391822 /* TestWeb.app */;
			productType = "com.apple.product-type.application";
		};
/* End PBXNativeTarget section */

/* Begin PBXProject section */
		BFE9F43629B1FC5000391822 /* Project object */ = {
			isa = PBXProject;
			attributes = {
				BuildIndependentTargetsInParallel = 1;
				LastSwiftUpdateCheck = 1410;
				LastUpgradeCheck = 1410;
				TargetAttributes = {
					BFE9F43D29B1FC5000391822 = {
						CreatedOnToolsVersion = 14.1;
					};
				};
			};
			buildConfigurationList = BFE9F43929B1FC5000391822 /* Build configuration list for PBXProject "TestWeb" */;
			compatibilityVersion = "Xcode 14.0";
			developmentRegion = en;
			hasScannedForEncodings = 0;
			knownRegions = (
				en,
				Base,
			);
			mainGroup = BFE9F43529B1FC5000391822;
			productRefGroup = BFE9F43F29B1FC5000391822 /* Products */;
			projectDirPath = "";
			projectRoot = "";
			targets = (
				BFE9F43D29B1FC5000391822 /* TestWeb */,
			);
		};
/* End PBXProject section */

/* Begin PBXResourcesBuildPhase section */
		BFE9F43C29B1FC5000391822 /* Resources */ = {
			isa = PBXResourcesBuildPhase;
			buildActionMask = 2147483647;
			files = (
				BFE9F44E29B1FC5100391822 /* LaunchScreen.storyboard in Resources */,
				BFE9F44B29B1FC5100391822 /* Assets.xcassets in Resources */,
				BFE9F44929B1FC5000391822 /* Main.storyboard in Resources */,
			);
			runOnlyForDeploymentPostprocessing = 0;
		};
/* End PBXResourcesBuildPhase section */

/* Begin PBXShellScriptBuildPhase section */
		B21C19D4A4BB182904B08118 /* [CP] Check Pods Manifest.lock */ = {
			isa = PBXShellScriptBuildPhase;
			buildActionMask = 2147483647;
			files = (
			);
			inputFileListPaths = (
			);
			inputPaths = (
				"${PODS_PODFILE_DIR_PATH}/Podfile.lock",
				"${PODS_ROOT}/Manifest.lock",
			);
			name = "[CP] Check Pods Manifest.lock";
			outputFileListPaths = (
			);
			outputPaths = (
				"$(DERIVED_FILE_DIR)/Pods-TestWeb-checkManifestLockResult.txt",
			);
			runOnlyForDeploymentPostprocessing = 0;
			shellPath = /bin/sh;
			shellScript = "diff \"${PODS_PODFILE_DIR_PATH}/Podfile.lock\" \"${PODS_ROOT}/Manifest.lock\" > /dev/null\nif [ $? != 0 ] ; then\n    # print error to STDERR\n    echo \"error: The sandbox is not in sync with the Podfile.lock. Run 'pod install' or update your CocoaPods installation.\" >&2\n    exit 1\nfi\n# This output is used by Xcode 'outputs' to avoid re-running this script phase.\necho \"SUCCESS\" > \"${SCRIPT_OUTPUT_FILE_0}\"\n";
			showEnvVarsInLog = 0;
		};
		D32CC4A08967791A0A50470C /* [CP] Embed Pods Frameworks */ = {
			isa = PBXShellScriptBuildPhase;
			buildActionMask = 2147483647;
			files = (
			);
			inputFileListPaths = (
				"${PODS_ROOT}/Target Support Files/Pods-TestWeb/Pods-TestWeb-frameworks-${CONFIGURATION}-input-files.xcfilelist",
			);
			name = "[CP] Embed Pods Frameworks";
			outputFileListPaths = (
				"${PODS_ROOT}/Target Support Files/Pods-TestWeb/Pods-TestWeb-frameworks-${CONFIGURATION}-output-files.xcfilelist",
			);
			runOnlyForDeploymentPostprocessing = 0;
			shellPath = /bin/sh;
			shellScript = "\"${PODS_ROOT}/Target Support Files/Pods-TestWeb/Pods-TestWeb-frameworks.sh\"\n";
			showEnvVarsInLog = 0;
		};
/* End PBXShellScriptBuildPhase section */

/* Begin PBXSourcesBuildPhase section */
		BFE9F43A29B1FC5000391822 /* Sources */ = {
			isa = PBXSourcesBuildPhase;
			buildActionMask = 2147483647;
			files = (
				BFE9F44629B1FC5000391822 /* ViewController.swift in Sources */,
				BFE9F44229B1FC5000391822 /* AppDelegate.swift in Sources */,
				BFE9F44429B1FC5000391822 /* SceneDelegate.swift in Sources */,
				BFD860BD29D12D59005B2E89 /* UIColor+Helpers.swift in Sources */,
			);
			runOnlyForDeploymentPostprocessing = 0;
		};
/* End PBXSourcesBuildPhase section */

/* Begin PBXVariantGroup section */
		BFE9F44729B1FC5000391822 /* Main.storyboard */ = {
			isa = PBXVariantGroup;
			children = (
				BFE9F44829B1FC5000391822 /* Base */,
			);
			name = Main.storyboard;
			sourceTree = "<group>";
		};
		BFE9F44C29B1FC5100391822 /* LaunchScreen.storyboard */ = {
			isa = PBXVariantGroup;
			children = (
				BFE9F44D29B1FC5100391822 /* Base */,
			);
			name = LaunchScreen.storyboard;
			sourceTree = "<group>";
		};
/* End PBXVariantGroup section */

/* Begin XCBuildConfiguration section */
		BFE9F45029B1FC5100391822 /* Debug */ = {
			isa = XCBuildConfiguration;
			buildSettings = {
				ALWAYS_SEARCH_USER_PATHS = NO;
				CLANG_ANALYZER_NONNULL = YES;
				CLANG_ANALYZER_NUMBER_OBJECT_CONVERSION = YES_AGGRESSIVE;
				CLANG_CXX_LANGUAGE_STANDARD = "gnu++20";
				CLANG_ENABLE_MODULES = YES;
				CLANG_ENABLE_OBJC_ARC = YES;
				CLANG_ENABLE_OBJC_WEAK = YES;
				CLANG_WARN_BLOCK_CAPTURE_AUTORELEASING = YES;
				CLANG_WARN_BOOL_CONVERSION = YES;
				CLANG_WARN_COMMA = YES;
				CLANG_WARN_CONSTANT_CONVERSION = YES;
				CLANG_WARN_DEPRECATED_OBJC_IMPLEMENTATIONS = YES;
				CLANG_WARN_DIRECT_OBJC_ISA_USAGE = YES_ERROR;
				CLANG_WARN_DOCUMENTATION_COMMENTS = YES;
				CLANG_WARN_EMPTY_BODY = YES;
				CLANG_WARN_ENUM_CONVERSION = YES;
				CLANG_WARN_INFINITE_RECURSION = YES;
				CLANG_WARN_INT_CONVERSION = YES;
				CLANG_WARN_NON_LITERAL_NULL_CONVERSION = YES;
				CLANG_WARN_OBJC_IMPLICIT_RETAIN_SELF = YES;
				CLANG_WARN_OBJC_LITERAL_CONVERSION = YES;
				CLANG_WARN_OBJC_ROOT_CLASS = YES_ERROR;
				CLANG_WARN_QUOTED_INCLUDE_IN_FRAMEWORK_HEADER = YES;
				CLANG_WARN_RANGE_LOOP_ANALYSIS = YES;
				CLANG_WARN_STRICT_PROTOTYPES = YES;
				CLANG_WARN_SUSPICIOUS_MOVE = YES;
				CLANG_WARN_UNGUARDED_AVAILABILITY = YES_AGGRESSIVE;
				CLANG_WARN_UNREACHABLE_CODE = YES;
				CLANG_WARN__DUPLICATE_METHOD_MATCH = YES;
				COPY_PHASE_STRIP = NO;
				DEBUG_INFORMATION_FORMAT = dwarf;
				ENABLE_STRICT_OBJC_MSGSEND = YES;
				ENABLE_TESTABILITY = YES;
				GCC_C_LANGUAGE_STANDARD = gnu11;
				GCC_DYNAMIC_NO_PIC = NO;
				GCC_NO_COMMON_BLOCKS = YES;
				GCC_OPTIMIZATION_LEVEL = 0;
				GCC_PREPROCESSOR_DEFINITIONS = (
					"DEBUG=1",
					"$(inherited)",
				);
				GCC_WARN_64_TO_32_BIT_CONVERSION = YES;
				GCC_WARN_ABOUT_RETURN_TYPE = YES_ERROR;
				GCC_WARN_UNDECLARED_SELECTOR = YES;
				GCC_WARN_UNINITIALIZED_AUTOS = YES_AGGRESSIVE;
				GCC_WARN_UNUSED_FUNCTION = YES;
				GCC_WARN_UNUSED_VARIABLE = YES;
				IPHONEOS_DEPLOYMENT_TARGET = 16.1;
				MTL_ENABLE_DEBUG_INFO = INCLUDE_SOURCE;
				MTL_FAST_MATH = YES;
				ONLY_ACTIVE_ARCH = YES;
				SDKROOT = iphoneos;
				SWIFT_ACTIVE_COMPILATION_CONDITIONS = DEBUG;
				SWIFT_OPTIMIZATION_LEVEL = "-Onone";
			};
			name = Debug;
		};
		BFE9F45129B1FC5100391822 /* Release */ = {
			isa = XCBuildConfiguration;
			buildSettings = {
				ALWAYS_SEARCH_USER_PATHS = NO;
				CLANG_ANALYZER_NONNULL = YES;
				CLANG_ANALYZER_NUMBER_OBJECT_CONVERSION = YES_AGGRESSIVE;
				CLANG_CXX_LANGUAGE_STANDARD = "gnu++20";
				CLANG_ENABLE_MODULES = YES;
				CLANG_ENABLE_OBJC_ARC = YES;
				CLANG_ENABLE_OBJC_WEAK = YES;
				CLANG_WARN_BLOCK_CAPTURE_AUTORELEASING = YES;
				CLANG_WARN_BOOL_CONVERSION = YES;
				CLANG_WARN_COMMA = YES;
				CLANG_WARN_CONSTANT_CONVERSION = YES;
				CLANG_WARN_DEPRECATED_OBJC_IMPLEMENTATIONS = YES;
				CLANG_WARN_DIRECT_OBJC_ISA_USAGE = YES_ERROR;
				CLANG_WARN_DOCUMENTATION_COMMENTS = YES;
				CLANG_WARN_EMPTY_BODY = YES;
				CLANG_WARN_ENUM_CONVERSION = YES;
				CLANG_WARN_INFINITE_RECURSION = YES;
				CLANG_WARN_INT_CONVERSION = YES;
				CLANG_WARN_NON_LITERAL_NULL_CONVERSION = YES;
				CLANG_WARN_OBJC_IMPLICIT_RETAIN_SELF = YES;
				CLANG_WARN_OBJC_LITERAL_CONVERSION = YES;
				CLANG_WARN_OBJC_ROOT_CLASS = YES_ERROR;
				CLANG_WARN_QUOTED_INCLUDE_IN_FRAMEWORK_HEADER = YES;
				CLANG_WARN_RANGE_LOOP_ANALYSIS = YES;
				CLANG_WARN_STRICT_PROTOTYPES = YES;
				CLANG_WARN_SUSPICIOUS_MOVE = YES;
				CLANG_WARN_UNGUARDED_AVAILABILITY = YES_AGGRESSIVE;
				CLANG_WARN_UNREACHABLE_CODE = YES;
				CLANG_WARN__DUPLICATE_METHOD_MATCH = YES;
				COPY_PHASE_STRIP = NO;
				DEBUG_INFORMATION_FORMAT = "dwarf-with-dsym";
				ENABLE_NS_ASSERTIONS = NO;
				ENABLE_STRICT_OBJC_MSGSEND = YES;
				GCC_C_LANGUAGE_STANDARD = gnu11;
				GCC_NO_COMMON_BLOCKS = YES;
				GCC_WARN_64_TO_32_BIT_CONVERSION = YES;
				GCC_WARN_ABOUT_RETURN_TYPE = YES_ERROR;
				GCC_WARN_UNDECLARED_SELECTOR = YES;
				GCC_WARN_UNINITIALIZED_AUTOS = YES_AGGRESSIVE;
				GCC_WARN_UNUSED_FUNCTION = YES;
				GCC_WARN_UNUSED_VARIABLE = YES;
				IPHONEOS_DEPLOYMENT_TARGET = 16.1;
				MTL_ENABLE_DEBUG_INFO = NO;
				MTL_FAST_MATH = YES;
				SDKROOT = iphoneos;
				SWIFT_COMPILATION_MODE = wholemodule;
				SWIFT_OPTIMIZATION_LEVEL = "-O";
				VALIDATE_PRODUCT = YES;
			};
			name = Release;
		};
		BFE9F45329B1FC5100391822 /* Debug */ = {
			isa = XCBuildConfiguration;
			baseConfigurationReference = 394A6CC71BC4160F7B2BD3AB /* Pods-TestWeb.debug.xcconfig */;
			buildSettings = {
				ASSETCATALOG_COMPILER_APPICON_NAME = AppIcon;
				ASSETCATALOG_COMPILER_GLOBAL_ACCENT_COLOR_NAME = AccentColor;
				CODE_SIGN_STYLE = Automatic;
				CURRENT_PROJECT_VERSION = 1;
				GENERATE_INFOPLIST_FILE = YES;
				INFOPLIST_FILE = TestWeb/Info.plist;
				INFOPLIST_KEY_UIApplicationSupportsIndirectInputEvents = YES;
				INFOPLIST_KEY_UILaunchStoryboardName = LaunchScreen;
				INFOPLIST_KEY_UIMainStoryboardFile = Main;
				INFOPLIST_KEY_UISupportedInterfaceOrientations_iPad = "UIInterfaceOrientationPortrait UIInterfaceOrientationPortraitUpsideDown UIInterfaceOrientationLandscapeLeft UIInterfaceOrientationLandscapeRight";
				INFOPLIST_KEY_UISupportedInterfaceOrientations_iPhone = "UIInterfaceOrientationPortrait UIInterfaceOrientationLandscapeLeft UIInterfaceOrientationLandscapeRight";
				LD_RUNPATH_SEARCH_PATHS = (
					"$(inherited)",
					"@executable_path/Frameworks",
				);
				MARKETING_VERSION = 1.0;
				PRODUCT_BUNDLE_IDENTIFIER = com.web.test.TestWeb;
				PRODUCT_NAME = "$(TARGET_NAME)";
				SWIFT_EMIT_LOC_STRINGS = YES;
				SWIFT_VERSION = 5.0;
				TARGETED_DEVICE_FAMILY = "1,2";
			};
			name = Debug;
		};
		BFE9F45429B1FC5100391822 /* Release */ = {
			isa = XCBuildConfiguration;
			baseConfigurationReference = 7C0904F26DBAB45F88877CAD /* Pods-TestWeb.release.xcconfig */;
			buildSettings = {
				ASSETCATALOG_COMPILER_APPICON_NAME = AppIcon;
				ASSETCATALOG_COMPILER_GLOBAL_ACCENT_COLOR_NAME = AccentColor;
				CODE_SIGN_STYLE = Automatic;
				CURRENT_PROJECT_VERSION = 1;
				GENERATE_INFOPLIST_FILE = YES;
				INFOPLIST_FILE = TestWeb/Info.plist;
				INFOPLIST_KEY_UIApplicationSupportsIndirectInputEvents = YES;
				INFOPLIST_KEY_UILaunchStoryboardName = LaunchScreen;
				INFOPLIST_KEY_UIMainStoryboardFile = Main;
				INFOPLIST_KEY_UISupportedInterfaceOrientations_iPad = "UIInterfaceOrientationPortrait UIInterfaceOrientationPortraitUpsideDown UIInterfaceOrientationLandscapeLeft UIInterfaceOrientationLandscapeRight";
				INFOPLIST_KEY_UISupportedInterfaceOrientations_iPhone = "UIInterfaceOrientationPortrait UIInterfaceOrientationLandscapeLeft UIInterfaceOrientationLandscapeRight";
				LD_RUNPATH_SEARCH_PATHS = (
					"$(inherited)",
					"@executable_path/Frameworks",
				);
				MARKETING_VERSION = 1.0;
				PRODUCT_BUNDLE_IDENTIFIER = com.web.test.TestWeb;
				PRODUCT_NAME = "$(TARGET_NAME)";
				SWIFT_EMIT_LOC_STRINGS = YES;
				SWIFT_VERSION = 5.0;
				TARGETED_DEVICE_FAMILY = "1,2";
			};
			name = Release;
		};
/* End XCBuildConfiguration section */

/* Begin XCConfigurationList section */
		BFE9F43929B1FC5000391822 /* Build configuration list for PBXProject "TestWeb" */ = {
			isa = XCConfigurationList;
			buildConfigurations = (
				BFE9F45029B1FC5100391822 /* Debug */,
				BFE9F45129B1FC5100391822 /* Release */,
			);
			defaultConfigurationIsVisible = 0;
			defaultConfigurationName = Release;
		};
		BFE9F45229B1FC5100391822 /* Build configuration list for PBXNativeTarget "TestWeb" */ = {
			isa = XCConfigurationList;
			buildConfigurations = (
				BFE9F45329B1FC5100391822 /* Debug */,
				BFE9F45429B1FC5100391822 /* Release */,
			);
			defaultConfigurationIsVisible = 0;
			defaultConfigurationName = Release;
		};
/* End XCConfigurationList section */
	};
	rootObject = BFE9F43629B1FC5000391822 /* Project object */;
}
